github.com/aead/cmac v0.0.0-20160719120800-7af84192f0b1 h1:+JkXLHME8vLJafGhOH4aoV2Iu8bR55nU6iKMVfYVLjY=
github.com/aead/cmac v0.0.0-20160719120800-7af84192f0b1/go.mod h1:nuudZmJhzWtx2212z+pkuy7B6nkBqa+xwNXZHL1j8cg=
github.com/beevik/ntp v1.4.3 h1:PlbTvE5NNy4QHmA4Mg57n7mcFTmr1W1j3gcK7L1lqho=
github.com/beevik/ntp v1.4.3/go.mod h1:Unr8Zg+2dRn7d8bHFuehIMSvvUYssHMxW3Q5Nx4RW5Q=
github.com/beevik/nts v0.2.1 h1:oYMW3+DUHkitl9cSheCuypvejwzJzposB52MOcM2L1o=
github.com/beevik/nts v0.2.1/go.mod h1:PsbzM+nBJv639oFfcsTmD5gyVYtcnaCRSAGKZbwkjHg=
github.com/davecgh/go-spew v1.1.1 h1:vj9j/u1bqnvCEfJOwUhtlOARqs3+rkHYY13jYWTU97c=
github.com/davecgh/go-spew v1.1.1/go.mod h1:J7Y8YcW2NihsgmVo/mv3lAwl/skON4iLHjSsI+c5H38=
github.com/pmezard/go-difflib v1.0.0 h1:4DBwDE0NGyQoBHbLQYPwSUPoCMWR5BEzIk/f1lZbAQM=
github.com/pmezard/go-difflib v1.0.0/go.mod h1:iKH77koFhYxTK1pcRnkKkqfTogsbg7gZNVY4sRDYZ/4=
github.com/secure-io/siv-go v0.0.0-20180922214919-5ff40651e2c4 h1:zOjq+1/uLzn/Xo40stbvjIY/yehG0+mfmlsiEmc0xmQ=
github.com/secure-io/siv-go v0.0.0-20180922214919-5ff40651e2c4/go.mod h1:aI+8yClBW+1uovkHw6HM01YXnYB8vohtB9C83wzx34E=
github.com/stretchr/testify v1.9.0 h1:HtqpIVDClZ4nwg75+f6Lvsy/wHu+3BoSGCbBAcpTsTg=
github.com/stretchr/testify v1.9.0/go.mod h1:r2ic/lqez/lEtzL7wO/rwa5dbSLXVDPFyf8C91i36aY=
golang.org/x/net v0.44.0 h1:evd8IRDyfNBMBTTY5XRF1vaZlD+EmWx6x8PkhR04H/I=
golang.org/x/net v0.44.0/go.mod h1:ECOoLqd5U3Lhyeyo/QDCEVQ4sNgYsqvCZ722XogGieY=
golang.org/x/sys v0.0.0-20180909124046-d0be0721c37e/go.mod h1:STP8DvDyc/dI5b8T5hshtkjS+E42TnysNCUPdjciGhY=
golang.org/x/sys v0.36.0 h1:KVRy2GtZBrk1cBYA7MKu5bEZFxQk4NIDV6RLVcC8o0k=
golang.org/x/sys v0.36.0/go.mod h1:OgkHotnGiDImocRcuBABYBEXf8A9a87e/uXjp9XT3ks=
gopkg.in/yaml.v3 v3.0.1 h1:fxVm/GzAzEWqLHuvctI91KS9hhNmmWOoWu0XTYJS7CA=
gopkg.in/yaml.v3 v3.0.1/go.mod h1:K4uyk7z7BCEPqu6E+C64Yfv1cQ7kz7rIZviUmN+EgEM=
